
Microsoft Visual Studio Solution File, Format Version 12.00
# Visual Studio Version 16
VisualStudioVersion = 16.0.33801.447
MinimumVisualStudioVersion = 10.0.40219.1
Project("{FAE04EC0-301F-11D3-BF4B-00C04F79EFBC}") = "Nightlight Launcher", "Nightlight Launcher\Nightlight Launcher.csproj", "{D6CA15E6-EB23-4C23-A15A-EE4BC00651FE}"
EndProject
Global
	GlobalSection(SolutionConfigurationPlatforms) = preSolution
		Debug|Any CPU = Debug|Any CPU
		Release|Any CPU = Release|Any CPU
	EndGlobalSection
	GlobalSection(ProjectConfigurationPlatforms) = postSolution
		{D6CA15E6-EB23-4C23-A15A-EE4BC00651FE}.Debug|Any CPU.ActiveCfg = Debug|Any CPU
		{D6CA15E6-EB23-4C23-A15A-EE4BC00651FE}.Debug|Any CPU.Build.0 = Debug|Any CPU
		{D6CA15E6-EB23-4C23-A15A-EE4BC00651FE}.Release|Any CPU.ActiveCfg = Release|Any CPU
		{D6CA15E6-EB23-4C23-A15A-EE4BC00651FE}.Release|Any CPU.Build.0 = Release|Any CPU
	EndGlobalSection
	GlobalSection(SolutionProperties) = preSolution
		HideSolutionNode = FALSE
	EndGlobalSection
	GlobalSection(ExtensibilityGlobals) = postSolution
		SolutionGuid = {3DDDB238-D189-4B4E-8246-6D3E1FB4AC6D}
	EndGlobalSection
EndGlobal
